
Microsoft Visual Studio Solution File, Format Version 12.00
# Visual Studio Version 17
VisualStudioVersion = 17.5.002.0
MinimumVisualStudioVersion = 10.0.40219.1
Project("{9A19103F-16F7-4668-BE54-9A1E7A4F7556}") = "api", "api.csproj", "{8EB788E7-6E01-451E-9AE6-4B9FCF9670BC}"
EndProject
Global
	GlobalSection(SolutionConfigurationPlatforms) = preSolution
		Debug|Any CPU = Debug|Any CPU
		Release|Any CPU = Release|Any CPU
	EndGlobalSection
	GlobalSection(ProjectConfigurationPlatforms) = postSolution
		{8EB788E7-6E01-451E-9AE6-4B9FCF9670BC}.Debug|Any CPU.ActiveCfg = Debug|Any CPU
		{8EB788E7-6E01-451E-9AE6-4B9FCF9670BC}.Debug|Any CPU.Build.0 = Debug|Any CPU
		{8EB788E7-6E01-451E-9AE6-4B9FCF9670BC}.Release|Any CPU.ActiveCfg = Release|Any CPU
		{8EB788E7-6E01-451E-9AE6-4B9FCF9670BC}.Release|Any CPU.Build.0 = Release|Any CPU
	EndGlobalSection
	GlobalSection(SolutionProperties) = preSolution
		HideSolutionNode = FALSE
	EndGlobalSection
	GlobalSection(ExtensibilityGlobals) = postSolution
		SolutionGuid = {C98117C3-DC38-4E7A-8972-48074A641467}
	EndGlobalSection
EndGlobal
